
Microsoft Visual Studio Solution File, Format Version 12.00
# Visual Studio Version 17
VisualStudioVersion = 17.7.34024.191
MinimumVisualStudioVersion = 10.0.40219.1
Project("{FAE04EC0-301F-11D3-BF4B-00C04F79EFBC}") = "NLayer.Core", "NLayer.Core\NLayer.Core.csproj", "{C1A5EF9E-F60F-42BD-A55E-D9DFD3136190}"
EndProject
Project("{FAE04EC0-301F-11D3-BF4B-00C04F79EFBC}") = "NLayer.Repository", "NLayer.Repository\NLayer.Repository.csproj", "{E89F5E2B-41F2-4478-92F8-ABEEF5CC0E1D}"
EndProject
Project("{FAE04EC0-301F-11D3-BF4B-00C04F79EFBC}") = "NLayer.Service", "NLayer.Service\NLayer.Service.csproj", "{797CA120-7172-4A96-AF46-0DB5E1F15705}"
EndProject
Project("{FAE04EC0-301F-11D3-BF4B-00C04F79EFBC}") = "NLayer.API", "NLayer.API\NLayer.API.csproj", "{1E36A63C-976D-4947-87E8-5619D0C12EE1}"
EndProject
Project("{FAE04EC0-301F-11D3-BF4B-00C04F79EFBC}") = "NLayer.Web", "NLayer.Web\NLayer.Web.csproj", "{36F52745-89AE-4284-972B-BC307225D67C}"
EndProject
Project("{FAE04EC0-301F-11D3-BF4B-00C04F79EFBC}") = "NLayer.Caching", "NLayer.Caching\NLayer.Caching.csproj", "{991EC024-FD3E-4705-A878-F8A1A79BD28C}"
EndProject
Global
	GlobalSection(SolutionConfigurationPlatforms) = preSolution
		Debug|Any CPU = Debug|Any CPU
		Release|Any CPU = Release|Any CPU
	EndGlobalSection
	GlobalSection(ProjectConfigurationPlatforms) = postSolution
		{C1A5EF9E-F60F-42BD-A55E-D9DFD3136190}.Debug|Any CPU.ActiveCfg = Debug|Any CPU
		{C1A5EF9E-F60F-42BD-A55E-D9DFD3136190}.Debug|Any CPU.Build.0 = Debug|Any CPU
		{C1A5EF9E-F60F-42BD-A55E-D9DFD3136190}.Release|Any CPU.ActiveCfg = Release|Any CPU
		{C1A5EF9E-F60F-42BD-A55E-D9DFD3136190}.Release|Any CPU.Build.0 = Release|Any CPU
		{E89F5E2B-41F2-4478-92F8-ABEEF5CC0E1D}.Debug|Any CPU.ActiveCfg = Debug|Any CPU
		{E89F5E2B-41F2-4478-92F8-ABEEF5CC0E1D}.Debug|Any CPU.Build.0 = Debug|Any CPU
		{E89F5E2B-41F2-4478-92F8-ABEEF5CC0E1D}.Release|Any CPU.ActiveCfg = Release|Any CPU
		{E89F5E2B-41F2-4478-92F8-ABEEF5CC0E1D}.Release|Any CPU.Build.0 = Release|Any CPU
		{797CA120-7172-4A96-AF46-0DB5E1F15705}.Debug|Any CPU.ActiveCfg = Debug|Any CPU
		{797CA120-7172-4A96-AF46-0DB5E1F15705}.Debug|Any CPU.Build.0 = Debug|Any CPU
		{797CA120-7172-4A96-AF46-0DB5E1F15705}.Release|Any CPU.ActiveCfg = Release|Any CPU
		{797CA120-7172-4A96-AF46-0DB5E1F15705}.Release|Any CPU.Build.0 = Release|Any CPU
		{1E36A63C-976D-4947-87E8-5619D0C12EE1}.Debug|Any CPU.ActiveCfg = Debug|Any CPU
		{1E36A63C-976D-4947-87E8-5619D0C12EE1}.Debug|Any CPU.Build.0 = Debug|Any CPU
		{1E36A63C-976D-4947-87E8-5619D0C12EE1}.Release|Any CPU.ActiveCfg = Release|Any CPU
		{1E36A63C-976D-4947-87E8-5619D0C12EE1}.Release|Any CPU.Build.0 = Release|Any CPU
		{36F52745-89AE-4284-972B-BC307225D67C}.Debug|Any CPU.ActiveCfg = Debug|Any CPU
		{36F52745-89AE-4284-972B-BC307225D67C}.Debug|Any CPU.Build.0 = Debug|Any CPU
		{36F52745-89AE-4284-972B-BC307225D67C}.Release|Any CPU.ActiveCfg = Release|Any CPU
		{36F52745-89AE-4284-972B-BC307225D67C}.Release|Any CPU.Build.0 = Release|Any CPU
		{991EC024-FD3E-4705-A878-F8A1A79BD28C}.Debug|Any CPU.ActiveCfg = Debug|Any CPU
		{991EC024-FD3E-4705-A878-F8A1A79BD28C}.Debug|Any CPU.Build.0 = Debug|Any CPU
		{991EC024-FD3E-4705-A878-F8A1A79BD28C}.Release|Any CPU.ActiveCfg = Release|Any CPU
		{991EC024-FD3E-4705-A878-F8A1A79BD28C}.Release|Any CPU.Build.0 = Release|Any CPU
	EndGlobalSection
	GlobalSection(SolutionProperties) = preSolution
		HideSolutionNode = FALSE
	EndGlobalSection
	GlobalSection(ExtensibilityGlobals) = postSolution
		SolutionGuid = {93CFE30F-2969-4B87-81C6-ED2447DDA50C}
	EndGlobalSection
EndGlobal
